<Solution>
  <Project Path="CampLog.Api/CampLog.Api.csproj" />
  <Project Path="CampLog.AppHost/CampLog.AppHost.csproj" />
  <Project Path="CampLog.ServiceDefaults/CampLog.ServiceDefaults.csproj" />
  <Project Path="CampLog.Tests/CampLog.Tests.csproj" />
  <Project Path="CampLog.Web/CampLog.Web.csproj" />
  <Project Path="CampLog.Web2/CampLog.Web2.csproj" />
</Solution>
